
Microsoft Visual Studio Solution File, Format Version 12.00
# Visual Studio Version 16
VisualStudioVersion = 16.0.31911.196
MinimumVisualStudioVersion = 10.0.40219.1
Project("{FAE04EC0-301F-11D3-BF4B-00C04F79EFBC}") = "WebApp_Proje", "WebApp_Proje\WebApp_Proje.csproj", "{A661E6D8-C1A7-493C-B493-0D9BFE11678D}"
EndProject
Global
	GlobalSection(SolutionConfigurationPlatforms) = preSolution
		Debug|Any CPU = Debug|Any CPU
		Release|Any CPU = Release|Any CPU
	EndGlobalSection
	GlobalSection(ProjectConfigurationPlatforms) = postSolution
		{A661E6D8-C1A7-493C-B493-0D9BFE11678D}.Debug|Any CPU.ActiveCfg = Debug|Any CPU
		{A661E6D8-C1A7-493C-B493-0D9BFE11678D}.Debug|Any CPU.Build.0 = Debug|Any CPU
		{A661E6D8-C1A7-493C-B493-0D9BFE11678D}.Release|Any CPU.ActiveCfg = Release|Any CPU
		{A661E6D8-C1A7-493C-B493-0D9BFE11678D}.Release|Any CPU.Build.0 = Release|Any CPU
	EndGlobalSection
	GlobalSection(SolutionProperties) = preSolution
		HideSolutionNode = FALSE
	EndGlobalSection
	GlobalSection(ExtensibilityGlobals) = postSolution
		SolutionGuid = {A914976D-5BC7-4E16-86E3-D0AC6A2379E7}
	EndGlobalSection
EndGlobal
