
Microsoft Visual Studio Solution File, Format Version 12.00
# Visual Studio Version 16
VisualStudioVersion = 16.0.31911.196
MinimumVisualStudioVersion = 10.0.40219.1
Project("{FAE04EC0-301F-11D3-BF4B-00C04F79EFBC}") = "WP_Proje", "WP_Proje\WP_Proje.csproj", "{BF812E92-2A29-4BC8-AF23-800EA0884EF7}"
EndProject
Global
	GlobalSection(SolutionConfigurationPlatforms) = preSolution
		Debug|Any CPU = Debug|Any CPU
		Release|Any CPU = Release|Any CPU
	EndGlobalSection
	GlobalSection(ProjectConfigurationPlatforms) = postSolution
		{BF812E92-2A29-4BC8-AF23-800EA0884EF7}.Debug|Any CPU.ActiveCfg = Debug|Any CPU
		{BF812E92-2A29-4BC8-AF23-800EA0884EF7}.Debug|Any CPU.Build.0 = Debug|Any CPU
		{BF812E92-2A29-4BC8-AF23-800EA0884EF7}.Release|Any CPU.ActiveCfg = Release|Any CPU
		{BF812E92-2A29-4BC8-AF23-800EA0884EF7}.Release|Any CPU.Build.0 = Release|Any CPU
	EndGlobalSection
	GlobalSection(SolutionProperties) = preSolution
		HideSolutionNode = FALSE
	EndGlobalSection
	GlobalSection(ExtensibilityGlobals) = postSolution
		SolutionGuid = {E20D3413-BA4A-41FE-BA4C-6BF1F70F67C7}
	EndGlobalSection
EndGlobal
